
Microsoft Visual Studio Solution File, Format Version 12.00
# Visual Studio Version 17
VisualStudioVersion = 17.0.31806.525
MinimumVisualStudioVersion = 10.0.40219.1
Project("{2150E333-8FDC-42A3-9474-1A3956D46DE8}") = "Sample", "Sample", "{C3FDCDB7-0C29-472D-A406-E2F21A4B0EAE}"
EndProject
Project("{2150E333-8FDC-42A3-9474-1A3956D46DE8}") = "Solution Items", "Solution Items", "{BC86B934-3C23-4DA8-A4F4-BB2B0C298DF5}"
	ProjectSection(SolutionItems) = preProject
		.editorconfig = .editorconfig
	EndProjectSection
EndProject
Project("{9A19103F-16F7-4668-BE54-9A1E7A4F7556}") = "Comet.Sample", "sample\Comet.Sample\Comet.Sample.csproj", "{F193CE01-DF8B-4BC1-B9D5-C259455F61D6}"
EndProject
Project("{9A19103F-16F7-4668-BE54-9A1E7A4F7556}") = "Comet.SourceGenerator", "src\Comet.SourceGenerator\Comet.SourceGenerator.csproj", "{E8853E46-534E-46EC-840B-5AD3C47FEBA0}"
EndProject
Project("{FAE04EC0-301F-11D3-BF4B-00C04F79EFBC}") = "Comet", "src\Comet\Comet.csproj", "{891389AB-92AF-4B7B-9DD6-3B39148898B9}"
EndProject
Project("{FAE04EC0-301F-11D3-BF4B-00C04F79EFBC}") = "MauiControlsGallery", "sample\MauiControlsGallery\MauiControlsGallery.csproj", "{BAB50501-7CEA-4D36-BBD0-76C59702C5BF}"
EndProject
Project("{FAE04EC0-301F-11D3-BF4B-00C04F79EFBC}") = "CometMacApp", "sample\CometMacApp\CometMacApp.csproj", "{66F7EA61-0C61-4494-BA10-06E0F5E6A2A2}"
EndProject
Project("{2150E333-8FDC-42A3-9474-1A3956D46DE8}") = "src", "src", "{827E0CD3-B72D-47B6-A68D-7590B98EB39B}"
EndProject
Project("{FAE04EC0-301F-11D3-BF4B-00C04F79EFBC}") = "CometControlsGallery", "sample\CometControlsGallery\CometControlsGallery.csproj", "{D0265F42-5304-4468-B104-3EC5F1B3DA6A}"
EndProject
Project("{FAE04EC0-301F-11D3-BF4B-00C04F79EFBC}") = "MauiDevFlow.Agent", "..\mauidevflow\src\MauiDevFlow.Agent\MauiDevFlow.Agent.csproj", "{3B6C23C8-6DC0-432E-95F7-C94CADBCF813}"
EndProject
Project("{FAE04EC0-301F-11D3-BF4B-00C04F79EFBC}") = "MauiDevFlow.Agent.Core", "..\mauidevflow\src\MauiDevFlow.Agent.Core\MauiDevFlow.Agent.Core.csproj", "{B4271B58-E412-4063-8734-E0533AD80ABE}"
EndProject
Project("{FAE04EC0-301F-11D3-BF4B-00C04F79EFBC}") = "MauiDevFlow.Logging", "..\mauidevflow\src\MauiDevFlow.Logging\MauiDevFlow.Logging.csproj", "{65045A68-A891-4614-83C7-EA178C8B1B70}"
EndProject
Project("{FAE04EC0-301F-11D3-BF4B-00C04F79EFBC}") = "CometAllTheLists", "sample\CometAllTheLists\CometAllTheLists.csproj", "{99CCE21D-04C2-457A-8F7E-683922730603}"
EndProject
Global
	GlobalSection(SolutionConfigurationPlatforms) = preSolution
		Debug|Any CPU = Debug|Any CPU
		Debug|ARM = Debug|ARM
		Debug|ARM64 = Debug|ARM64
		Debug|iPhone = Debug|iPhone
		Debug|iPhoneSimulator = Debug|iPhoneSimulator
		Debug|x64 = Debug|x64
		Debug|x86 = Debug|x86
		Release|Any CPU = Release|Any CPU
		Release|ARM = Release|ARM
		Release|ARM64 = Release|ARM64
		Release|iPhone = Release|iPhone
		Release|iPhoneSimulator = Release|iPhoneSimulator
		Release|x64 = Release|x64
		Release|x86 = Release|x86
	EndGlobalSection
	GlobalSection(ProjectConfigurationPlatforms) = postSolution
		{F193CE01-DF8B-4BC1-B9D5-C259455F61D6}.Debug|Any CPU.ActiveCfg = Debug|Any CPU
		{F193CE01-DF8B-4BC1-B9D5-C259455F61D6}.Debug|Any CPU.Build.0 = Debug|Any CPU
		{F193CE01-DF8B-4BC1-B9D5-C259455F61D6}.Debug|Any CPU.Deploy.0 = Debug|Any CPU
		{F193CE01-DF8B-4BC1-B9D5-C259455F61D6}.Debug|ARM.ActiveCfg = Debug|Any CPU
		{F193CE01-DF8B-4BC1-B9D5-C259455F61D6}.Debug|ARM.Build.0 = Debug|Any CPU
		{F193CE01-DF8B-4BC1-B9D5-C259455F61D6}.Debug|ARM.Deploy.0 = Debug|Any CPU
		{F193CE01-DF8B-4BC1-B9D5-C259455F61D6}.Debug|ARM64.ActiveCfg = Debug|Any CPU
		{F193CE01-DF8B-4BC1-B9D5-C259455F61D6}.Debug|ARM64.Build.0 = Debug|Any CPU
		{F193CE01-DF8B-4BC1-B9D5-C259455F61D6}.Debug|ARM64.Deploy.0 = Debug|Any CPU
		{F193CE01-DF8B-4BC1-B9D5-C259455F61D6}.Debug|iPhone.ActiveCfg = Debug|Any CPU
		{F193CE01-DF8B-4BC1-B9D5-C259455F61D6}.Debug|iPhone.Build.0 = Debug|Any CPU
		{F193CE01-DF8B-4BC1-B9D5-C259455F61D6}.Debug|iPhone.Deploy.0 = Debug|Any CPU
		{F193CE01-DF8B-4BC1-B9D5-C259455F61D6}.Debug|iPhoneSimulator.ActiveCfg = Debug|Any CPU
		{F193CE01-DF8B-4BC1-B9D5-C259455F61D6}.Debug|iPhoneSimulator.Build.0 = Debug|Any CPU
		{F193CE01-DF8B-4BC1-B9D5-C259455F61D6}.Debug|iPhoneSimulator.Deploy.0 = Debug|Any CPU
		{F193CE01-DF8B-4BC1-B9D5-C259455F61D6}.Debug|x64.ActiveCfg = Debug|Any CPU
		{F193CE01-DF8B-4BC1-B9D5-C259455F61D6}.Debug|x64.Build.0 = Debug|Any CPU
		{F193CE01-DF8B-4BC1-B9D5-C259455F61D6}.Debug|x64.Deploy.0 = Debug|Any CPU
		{F193CE01-DF8B-4BC1-B9D5-C259455F61D6}.Debug|x86.ActiveCfg = Debug|Any CPU
		{F193CE01-DF8B-4BC1-B9D5-C259455F61D6}.Debug|x86.Build.0 = Debug|Any CPU
		{F193CE01-DF8B-4BC1-B9D5-C259455F61D6}.Debug|x86.Deploy.0 = Debug|Any CPU
		{F193CE01-DF8B-4BC1-B9D5-C259455F61D6}.Release|Any CPU.ActiveCfg = Release|Any CPU
		{F193CE01-DF8B-4BC1-B9D5-C259455F61D6}.Release|Any CPU.Build.0 = Release|Any CPU
		{F193CE01-DF8B-4BC1-B9D5-C259455F61D6}.Release|Any CPU.Deploy.0 = Release|Any CPU
		{F193CE01-DF8B-4BC1-B9D5-C259455F61D6}.Release|ARM.ActiveCfg = Release|Any CPU
		{F193CE01-DF8B-4BC1-B9D5-C259455F61D6}.Release|ARM.Build.0 = Release|Any CPU
		{F193CE01-DF8B-4BC1-B9D5-C259455F61D6}.Release|ARM.Deploy.0 = Release|Any CPU
		{F193CE01-DF8B-4BC1-B9D5-C259455F61D6}.Release|ARM64.ActiveCfg = Release|Any CPU
		{F193CE01-DF8B-4BC1-B9D5-C259455F61D6}.Release|ARM64.Build.0 = Release|Any CPU
		{F193CE01-DF8B-4BC1-B9D5-C259455F61D6}.Release|ARM64.Deploy.0 = Release|Any CPU
		{F193CE01-DF8B-4BC1-B9D5-C259455F61D6}.Release|iPhone.ActiveCfg = Release|Any CPU
		{F193CE01-DF8B-4BC1-B9D5-C259455F61D6}.Release|iPhone.Build.0 = Release|Any CPU
		{F193CE01-DF8B-4BC1-B9D5-C259455F61D6}.Release|iPhone.Deploy.0 = Release|Any CPU
		{F193CE01-DF8B-4BC1-B9D5-C259455F61D6}.Release|iPhoneSimulator.ActiveCfg = Release|Any CPU
		{F193CE01-DF8B-4BC1-B9D5-C259455F61D6}.Release|iPhoneSimulator.Build.0 = Release|Any CPU
		{F193CE01-DF8B-4BC1-B9D5-C259455F61D6}.Release|iPhoneSimulator.Deploy.0 = Release|Any CPU
		{F193CE01-DF8B-4BC1-B9D5-C259455F61D6}.Release|x64.ActiveCfg = Release|Any CPU
		{F193CE01-DF8B-4BC1-B9D5-C259455F61D6}.Release|x64.Build.0 = Release|Any CPU
		{F193CE01-DF8B-4BC1-B9D5-C259455F61D6}.Release|x64.Deploy.0 = Release|Any CPU
		{F193CE01-DF8B-4BC1-B9D5-C259455F61D6}.Release|x86.ActiveCfg = Release|Any CPU
		{F193CE01-DF8B-4BC1-B9D5-C259455F61D6}.Release|x86.Build.0 = Release|Any CPU
		{F193CE01-DF8B-4BC1-B9D5-C259455F61D6}.Release|x86.Deploy.0 = Release|Any CPU
		{E8853E46-534E-46EC-840B-5AD3C47FEBA0}.Debug|Any CPU.ActiveCfg = Debug|Any CPU
		{E8853E46-534E-46EC-840B-5AD3C47FEBA0}.Debug|Any CPU.Build.0 = Debug|Any CPU
		{E8853E46-534E-46EC-840B-5AD3C47FEBA0}.Debug|ARM.ActiveCfg = Debug|Any CPU
		{E8853E46-534E-46EC-840B-5AD3C47FEBA0}.Debug|ARM.Build.0 = Debug|Any CPU
		{E8853E46-534E-46EC-840B-5AD3C47FEBA0}.Debug|ARM64.ActiveCfg = Debug|Any CPU
		{E8853E46-534E-46EC-840B-5AD3C47FEBA0}.Debug|ARM64.Build.0 = Debug|Any CPU
		{E8853E46-534E-46EC-840B-5AD3C47FEBA0}.Debug|iPhone.ActiveCfg = Debug|Any CPU
		{E8853E46-534E-46EC-840B-5AD3C47FEBA0}.Debug|iPhone.Build.0 = Debug|Any CPU
		{E8853E46-534E-46EC-840B-5AD3C47FEBA0}.Debug|iPhoneSimulator.ActiveCfg = Debug|Any CPU
		{E8853E46-534E-46EC-840B-5AD3C47FEBA0}.Debug|iPhoneSimulator.Build.0 = Debug|Any CPU
		{E8853E46-534E-46EC-840B-5AD3C47FEBA0}.Debug|x64.ActiveCfg = Debug|Any CPU
		{E8853E46-534E-46EC-840B-5AD3C47FEBA0}.Debug|x64.Build.0 = Debug|Any CPU
		{E8853E46-534E-46EC-840B-5AD3C47FEBA0}.Debug|x86.ActiveCfg = Debug|Any CPU
		{E8853E46-534E-46EC-840B-5AD3C47FEBA0}.Debug|x86.Build.0 = Debug|Any CPU
		{E8853E46-534E-46EC-840B-5AD3C47FEBA0}.Release|Any CPU.ActiveCfg = Release|Any CPU
		{E8853E46-534E-46EC-840B-5AD3C47FEBA0}.Release|Any CPU.Build.0 = Release|Any CPU
		{E8853E46-534E-46EC-840B-5AD3C47FEBA0}.Release|ARM.ActiveCfg = Release|Any CPU
		{E8853E46-534E-46EC-840B-5AD3C47FEBA0}.Release|ARM.Build.0 = Release|Any CPU
		{E8853E46-534E-46EC-840B-5AD3C47FEBA0}.Release|ARM64.ActiveCfg = Release|Any CPU
		{E8853E46-534E-46EC-840B-5AD3C47FEBA0}.Release|ARM64.Build.0 = Release|Any CPU
		{E8853E46-534E-46EC-840B-5AD3C47FEBA0}.Release|iPhone.ActiveCfg = Release|Any CPU
		{E8853E46-534E-46EC-840B-5AD3C47FEBA0}.Release|iPhone.Build.0 = Release|Any CPU
		{E8853E46-534E-46EC-840B-5AD3C47FEBA0}.Release|iPhoneSimulator.ActiveCfg = Release|Any CPU
		{E8853E46-534E-46EC-840B-5AD3C47FEBA0}.Release|iPhoneSimulator.Build.0 = Release|Any CPU
		{E8853E46-534E-46EC-840B-5AD3C47FEBA0}.Release|x64.ActiveCfg = Release|Any CPU
		{E8853E46-534E-46EC-840B-5AD3C47FEBA0}.Release|x64.Build.0 = Release|Any CPU
		{E8853E46-534E-46EC-840B-5AD3C47FEBA0}.Release|x86.ActiveCfg = Release|Any CPU
		{E8853E46-534E-46EC-840B-5AD3C47FEBA0}.Release|x86.Build.0 = Release|Any CPU
		{891389AB-92AF-4B7B-9DD6-3B39148898B9}.Debug|Any CPU.ActiveCfg = Debug|Any CPU
		{891389AB-92AF-4B7B-9DD6-3B39148898B9}.Debug|Any CPU.Build.0 = Debug|Any CPU
		{891389AB-92AF-4B7B-9DD6-3B39148898B9}.Debug|ARM.ActiveCfg = Debug|Any CPU
		{891389AB-92AF-4B7B-9DD6-3B39148898B9}.Debug|ARM.Build.0 = Debug|Any CPU
		{891389AB-92AF-4B7B-9DD6-3B39148898B9}.Debug|ARM64.ActiveCfg = Debug|Any CPU
		{891389AB-92AF-4B7B-9DD6-3B39148898B9}.Debug|ARM64.Build.0 = Debug|Any CPU
		{891389AB-92AF-4B7B-9DD6-3B39148898B9}.Debug|iPhone.ActiveCfg = Debug|Any CPU
		{891389AB-92AF-4B7B-9DD6-3B39148898B9}.Debug|iPhone.Build.0 = Debug|Any CPU
		{891389AB-92AF-4B7B-9DD6-3B39148898B9}.Debug|iPhoneSimulator.ActiveCfg = Debug|Any CPU
		{891389AB-92AF-4B7B-9DD6-3B39148898B9}.Debug|iPhoneSimulator.Build.0 = Debug|Any CPU
		{891389AB-92AF-4B7B-9DD6-3B39148898B9}.Debug|x64.ActiveCfg = Debug|Any CPU
		{891389AB-92AF-4B7B-9DD6-3B39148898B9}.Debug|x64.Build.0 = Debug|Any CPU
		{891389AB-92AF-4B7B-9DD6-3B39148898B9}.Debug|x86.ActiveCfg = Debug|Any CPU
		{891389AB-92AF-4B7B-9DD6-3B39148898B9}.Debug|x86.Build.0 = Debug|Any CPU
		{891389AB-92AF-4B7B-9DD6-3B39148898B9}.Release|Any CPU.ActiveCfg = Release|Any CPU
		{891389AB-92AF-4B7B-9DD6-3B39148898B9}.Release|Any CPU.Build.0 = Release|Any CPU
		{891389AB-92AF-4B7B-9DD6-3B39148898B9}.Release|ARM.ActiveCfg = Release|Any CPU
		{891389AB-92AF-4B7B-9DD6-3B39148898B9}.Release|ARM.Build.0 = Release|Any CPU
		{891389AB-92AF-4B7B-9DD6-3B39148898B9}.Release|ARM64.ActiveCfg = Release|Any CPU
		{891389AB-92AF-4B7B-9DD6-3B39148898B9}.Release|ARM64.Build.0 = Release|Any CPU
		{891389AB-92AF-4B7B-9DD6-3B39148898B9}.Release|iPhone.ActiveCfg = Release|Any CPU
		{891389AB-92AF-4B7B-9DD6-3B39148898B9}.Release|iPhone.Build.0 = Release|Any CPU
		{891389AB-92AF-4B7B-9DD6-3B39148898B9}.Release|iPhoneSimulator.ActiveCfg = Release|Any CPU
		{891389AB-92AF-4B7B-9DD6-3B39148898B9}.Release|iPhoneSimulator.Build.0 = Release|Any CPU
		{891389AB-92AF-4B7B-9DD6-3B39148898B9}.Release|x64.ActiveCfg = Release|Any CPU
		{891389AB-92AF-4B7B-9DD6-3B39148898B9}.Release|x64.Build.0 = Release|Any CPU
		{891389AB-92AF-4B7B-9DD6-3B39148898B9}.Release|x86.ActiveCfg = Release|Any CPU
		{891389AB-92AF-4B7B-9DD6-3B39148898B9}.Release|x86.Build.0 = Release|Any CPU
		{BAB50501-7CEA-4D36-BBD0-76C59702C5BF}.Debug|Any CPU.ActiveCfg = Debug|Any CPU
		{BAB50501-7CEA-4D36-BBD0-76C59702C5BF}.Debug|Any CPU.Build.0 = Debug|Any CPU
		{BAB50501-7CEA-4D36-BBD0-76C59702C5BF}.Debug|ARM.ActiveCfg = Debug|Any CPU
		{BAB50501-7CEA-4D36-BBD0-76C59702C5BF}.Debug|ARM.Build.0 = Debug|Any CPU
		{BAB50501-7CEA-4D36-BBD0-76C59702C5BF}.Debug|ARM64.ActiveCfg = Debug|Any CPU
		{BAB50501-7CEA-4D36-BBD0-76C59702C5BF}.Debug|ARM64.Build.0 = Debug|Any CPU
		{BAB50501-7CEA-4D36-BBD0-76C59702C5BF}.Debug|iPhone.ActiveCfg = Debug|Any CPU
		{BAB50501-7CEA-4D36-BBD0-76C59702C5BF}.Debug|iPhone.Build.0 = Debug|Any CPU
		{BAB50501-7CEA-4D36-BBD0-76C59702C5BF}.Debug|iPhoneSimulator.ActiveCfg = Debug|Any CPU
		{BAB50501-7CEA-4D36-BBD0-76C59702C5BF}.Debug|iPhoneSimulator.Build.0 = Debug|Any CPU
		{BAB50501-7CEA-4D36-BBD0-76C59702C5BF}.Debug|x64.ActiveCfg = Debug|Any CPU
		{BAB50501-7CEA-4D36-BBD0-76C59702C5BF}.Debug|x64.Build.0 = Debug|Any CPU
		{BAB50501-7CEA-4D36-BBD0-76C59702C5BF}.Debug|x86.ActiveCfg = Debug|Any CPU
		{BAB50501-7CEA-4D36-BBD0-76C59702C5BF}.Debug|x86.Build.0 = Debug|Any CPU
		{BAB50501-7CEA-4D36-BBD0-76C59702C5BF}.Release|Any CPU.ActiveCfg = Release|Any CPU
		{BAB50501-7CEA-4D36-BBD0-76C59702C5BF}.Release|Any CPU.Build.0 = Release|Any CPU
		{BAB50501-7CEA-4D36-BBD0-76C59702C5BF}.Release|ARM.ActiveCfg = Release|Any CPU
		{BAB50501-7CEA-4D36-BBD0-76C59702C5BF}.Release|ARM.Build.0 = Release|Any CPU
		{BAB50501-7CEA-4D36-BBD0-76C59702C5BF}.Release|ARM64.ActiveCfg = Release|Any CPU
		{BAB50501-7CEA-4D36-BBD0-76C59702C5BF}.Release|ARM64.Build.0 = Release|Any CPU
		{BAB50501-7CEA-4D36-BBD0-76C59702C5BF}.Release|iPhone.ActiveCfg = Release|Any CPU
		{BAB50501-7CEA-4D36-BBD0-76C59702C5BF}.Release|iPhone.Build.0 = Release|Any CPU
		{BAB50501-7CEA-4D36-BBD0-76C59702C5BF}.Release|iPhoneSimulator.ActiveCfg = Release|Any CPU
		{BAB50501-7CEA-4D36-BBD0-76C59702C5BF}.Release|iPhoneSimulator.Build.0 = Release|Any CPU
		{BAB50501-7CEA-4D36-BBD0-76C59702C5BF}.Release|x64.ActiveCfg = Release|Any CPU
		{BAB50501-7CEA-4D36-BBD0-76C59702C5BF}.Release|x64.Build.0 = Release|Any CPU
		{BAB50501-7CEA-4D36-BBD0-76C59702C5BF}.Release|x86.ActiveCfg = Release|Any CPU
		{BAB50501-7CEA-4D36-BBD0-76C59702C5BF}.Release|x86.Build.0 = Release|Any CPU
		{66F7EA61-0C61-4494-BA10-06E0F5E6A2A2}.Debug|Any CPU.ActiveCfg = Debug|Any CPU
		{66F7EA61-0C61-4494-BA10-06E0F5E6A2A2}.Debug|Any CPU.Build.0 = Debug|Any CPU
		{66F7EA61-0C61-4494-BA10-06E0F5E6A2A2}.Debug|ARM.ActiveCfg = Debug|Any CPU
		{66F7EA61-0C61-4494-BA10-06E0F5E6A2A2}.Debug|ARM.Build.0 = Debug|Any CPU
		{66F7EA61-0C61-4494-BA10-06E0F5E6A2A2}.Debug|ARM64.ActiveCfg = Debug|Any CPU
		{66F7EA61-0C61-4494-BA10-06E0F5E6A2A2}.Debug|ARM64.Build.0 = Debug|Any CPU
		{66F7EA61-0C61-4494-BA10-06E0F5E6A2A2}.Debug|iPhone.ActiveCfg = Debug|Any CPU
		{66F7EA61-0C61-4494-BA10-06E0F5E6A2A2}.Debug|iPhone.Build.0 = Debug|Any CPU
		{66F7EA61-0C61-4494-BA10-06E0F5E6A2A2}.Debug|iPhoneSimulator.ActiveCfg = Debug|Any CPU
		{66F7EA61-0C61-4494-BA10-06E0F5E6A2A2}.Debug|iPhoneSimulator.Build.0 = Debug|Any CPU
		{66F7EA61-0C61-4494-BA10-06E0F5E6A2A2}.Debug|x64.ActiveCfg = Debug|Any CPU
		{66F7EA61-0C61-4494-BA10-06E0F5E6A2A2}.Debug|x64.Build.0 = Debug|Any CPU
		{66F7EA61-0C61-4494-BA10-06E0F5E6A2A2}.Debug|x86.ActiveCfg = Debug|Any CPU
		{66F7EA61-0C61-4494-BA10-06E0F5E6A2A2}.Debug|x86.Build.0 = Debug|Any CPU
		{66F7EA61-0C61-4494-BA10-06E0F5E6A2A2}.Release|Any CPU.ActiveCfg = Release|Any CPU
		{66F7EA61-0C61-4494-BA10-06E0F5E6A2A2}.Release|Any CPU.Build.0 = Release|Any CPU
		{66F7EA61-0C61-4494-BA10-06E0F5E6A2A2}.Release|ARM.ActiveCfg = Release|Any CPU
		{66F7EA61-0C61-4494-BA10-06E0F5E6A2A2}.Release|ARM.Build.0 = Release|Any CPU
		{66F7EA61-0C61-4494-BA10-06E0F5E6A2A2}.Release|ARM64.ActiveCfg = Release|Any CPU
		{66F7EA61-0C61-4494-BA10-06E0F5E6A2A2}.Release|ARM64.Build.0 = Release|Any CPU
		{66F7EA61-0C61-4494-BA10-06E0F5E6A2A2}.Release|iPhone.ActiveCfg = Release|Any CPU
		{66F7EA61-0C61-4494-BA10-06E0F5E6A2A2}.Release|iPhone.Build.0 = Release|Any CPU
		{66F7EA61-0C61-4494-BA10-06E0F5E6A2A2}.Release|iPhoneSimulator.ActiveCfg = Release|Any CPU
		{66F7EA61-0C61-4494-BA10-06E0F5E6A2A2}.Release|iPhoneSimulator.Build.0 = Release|Any CPU
		{66F7EA61-0C61-4494-BA10-06E0F5E6A2A2}.Release|x64.ActiveCfg = Release|Any CPU
		{66F7EA61-0C61-4494-BA10-06E0F5E6A2A2}.Release|x64.Build.0 = Release|Any CPU
		{66F7EA61-0C61-4494-BA10-06E0F5E6A2A2}.Release|x86.ActiveCfg = Release|Any CPU
		{66F7EA61-0C61-4494-BA10-06E0F5E6A2A2}.Release|x86.Build.0 = Release|Any CPU
		{D0265F42-5304-4468-B104-3EC5F1B3DA6A}.Debug|Any CPU.ActiveCfg = Debug|Any CPU
		{D0265F42-5304-4468-B104-3EC5F1B3DA6A}.Debug|Any CPU.Build.0 = Debug|Any CPU
		{D0265F42-5304-4468-B104-3EC5F1B3DA6A}.Debug|ARM.ActiveCfg = Debug|Any CPU
		{D0265F42-5304-4468-B104-3EC5F1B3DA6A}.Debug|ARM.Build.0 = Debug|Any CPU
		{D0265F42-5304-4468-B104-3EC5F1B3DA6A}.Debug|ARM64.ActiveCfg = Debug|Any CPU
		{D0265F42-5304-4468-B104-3EC5F1B3DA6A}.Debug|ARM64.Build.0 = Debug|Any CPU
		{D0265F42-5304-4468-B104-3EC5F1B3DA6A}.Debug|iPhone.ActiveCfg = Debug|Any CPU
		{D0265F42-5304-4468-B104-3EC5F1B3DA6A}.Debug|iPhone.Build.0 = Debug|Any CPU
		{D0265F42-5304-4468-B104-3EC5F1B3DA6A}.Debug|iPhoneSimulator.ActiveCfg = Debug|Any CPU
		{D0265F42-5304-4468-B104-3EC5F1B3DA6A}.Debug|iPhoneSimulator.Build.0 = Debug|Any CPU
		{D0265F42-5304-4468-B104-3EC5F1B3DA6A}.Debug|x64.ActiveCfg = Debug|Any CPU
		{D0265F42-5304-4468-B104-3EC5F1B3DA6A}.Debug|x64.Build.0 = Debug|Any CPU
		{D0265F42-5304-4468-B104-3EC5F1B3DA6A}.Debug|x86.ActiveCfg = Debug|Any CPU
		{D0265F42-5304-4468-B104-3EC5F1B3DA6A}.Debug|x86.Build.0 = Debug|Any CPU
		{D0265F42-5304-4468-B104-3EC5F1B3DA6A}.Release|Any CPU.ActiveCfg = Release|Any CPU
		{D0265F42-5304-4468-B104-3EC5F1B3DA6A}.Release|Any CPU.Build.0 = Release|Any CPU
		{D0265F42-5304-4468-B104-3EC5F1B3DA6A}.Release|ARM.ActiveCfg = Release|Any CPU
		{D0265F42-5304-4468-B104-3EC5F1B3DA6A}.Release|ARM.Build.0 = Release|Any CPU
		{D0265F42-5304-4468-B104-3EC5F1B3DA6A}.Release|ARM64.ActiveCfg = Release|Any CPU
		{D0265F42-5304-4468-B104-3EC5F1B3DA6A}.Release|ARM64.Build.0 = Release|Any CPU
		{D0265F42-5304-4468-B104-3EC5F1B3DA6A}.Release|iPhone.ActiveCfg = Release|Any CPU
		{D0265F42-5304-4468-B104-3EC5F1B3DA6A}.Release|iPhone.Build.0 = Release|Any CPU
		{D0265F42-5304-4468-B104-3EC5F1B3DA6A}.Release|iPhoneSimulator.ActiveCfg = Release|Any CPU
		{D0265F42-5304-4468-B104-3EC5F1B3DA6A}.Release|iPhoneSimulator.Build.0 = Release|Any CPU
		{D0265F42-5304-4468-B104-3EC5F1B3DA6A}.Release|x64.ActiveCfg = Release|Any CPU
		{D0265F42-5304-4468-B104-3EC5F1B3DA6A}.Release|x64.Build.0 = Release|Any CPU
		{D0265F42-5304-4468-B104-3EC5F1B3DA6A}.Release|x86.ActiveCfg = Release|Any CPU
		{D0265F42-5304-4468-B104-3EC5F1B3DA6A}.Release|x86.Build.0 = Release|Any CPU
		{3B6C23C8-6DC0-432E-95F7-C94CADBCF813}.Debug|Any CPU.ActiveCfg = Debug|Any CPU
		{3B6C23C8-6DC0-432E-95F7-C94CADBCF813}.Debug|Any CPU.Build.0 = Debug|Any CPU
		{3B6C23C8-6DC0-432E-95F7-C94CADBCF813}.Debug|ARM.ActiveCfg = Debug|Any CPU
		{3B6C23C8-6DC0-432E-95F7-C94CADBCF813}.Debug|ARM.Build.0 = Debug|Any CPU
		{3B6C23C8-6DC0-432E-95F7-C94CADBCF813}.Debug|ARM64.ActiveCfg = Debug|Any CPU
		{3B6C23C8-6DC0-432E-95F7-C94CADBCF813}.Debug|ARM64.Build.0 = Debug|Any CPU
		{3B6C23C8-6DC0-432E-95F7-C94CADBCF813}.Debug|iPhone.ActiveCfg = Debug|Any CPU
		{3B6C23C8-6DC0-432E-95F7-C94CADBCF813}.Debug|iPhone.Build.0 = Debug|Any CPU
		{3B6C23C8-6DC0-432E-95F7-C94CADBCF813}.Debug|iPhoneSimulator.ActiveCfg = Debug|Any CPU
		{3B6C23C8-6DC0-432E-95F7-C94CADBCF813}.Debug|iPhoneSimulator.Build.0 = Debug|Any CPU
		{3B6C23C8-6DC0-432E-95F7-C94CADBCF813}.Debug|x64.ActiveCfg = Debug|Any CPU
		{3B6C23C8-6DC0-432E-95F7-C94CADBCF813}.Debug|x64.Build.0 = Debug|Any CPU
		{3B6C23C8-6DC0-432E-95F7-C94CADBCF813}.Debug|x86.ActiveCfg = Debug|Any CPU
		{3B6C23C8-6DC0-432E-95F7-C94CADBCF813}.Debug|x86.Build.0 = Debug|Any CPU
		{3B6C23C8-6DC0-432E-95F7-C94CADBCF813}.Release|Any CPU.ActiveCfg = Release|Any CPU
		{3B6C23C8-6DC0-432E-95F7-C94CADBCF813}.Release|Any CPU.Build.0 = Release|Any CPU
		{3B6C23C8-6DC0-432E-95F7-C94CADBCF813}.Release|ARM.ActiveCfg = Release|Any CPU
		{3B6C23C8-6DC0-432E-95F7-C94CADBCF813}.Release|ARM.Build.0 = Release|Any CPU
		{3B6C23C8-6DC0-432E-95F7-C94CADBCF813}.Release|ARM64.ActiveCfg = Release|Any CPU
		{3B6C23C8-6DC0-432E-95F7-C94CADBCF813}.Release|ARM64.Build.0 = Release|Any CPU
		{3B6C23C8-6DC0-432E-95F7-C94CADBCF813}.Release|iPhone.ActiveCfg = Release|Any CPU
		{3B6C23C8-6DC0-432E-95F7-C94CADBCF813}.Release|iPhone.Build.0 = Release|Any CPU
		{3B6C23C8-6DC0-432E-95F7-C94CADBCF813}.Release|iPhoneSimulator.ActiveCfg = Release|Any CPU
		{3B6C23C8-6DC0-432E-95F7-C94CADBCF813}.Release|iPhoneSimulator.Build.0 = Release|Any CPU
		{3B6C23C8-6DC0-432E-95F7-C94CADBCF813}.Release|x64.ActiveCfg = Release|Any CPU
		{3B6C23C8-6DC0-432E-95F7-C94CADBCF813}.Release|x64.Build.0 = Release|Any CPU
		{3B6C23C8-6DC0-432E-95F7-C94CADBCF813}.Release|x86.ActiveCfg = Release|Any CPU
		{3B6C23C8-6DC0-432E-95F7-C94CADBCF813}.Release|x86.Build.0 = Release|Any CPU
		{B4271B58-E412-4063-8734-E0533AD80ABE}.Debug|Any CPU.ActiveCfg = Debug|Any CPU
		{B4271B58-E412-4063-8734-E0533AD80ABE}.Debug|Any CPU.Build.0 = Debug|Any CPU
		{B4271B58-E412-4063-8734-E0533AD80ABE}.Debug|ARM.ActiveCfg = Debug|Any CPU
		{B4271B58-E412-4063-8734-E0533AD80ABE}.Debug|ARM.Build.0 = Debug|Any CPU
		{B4271B58-E412-4063-8734-E0533AD80ABE}.Debug|ARM64.ActiveCfg = Debug|Any CPU
		{B4271B58-E412-4063-8734-E0533AD80ABE}.Debug|ARM64.Build.0 = Debug|Any CPU
		{B4271B58-E412-4063-8734-E0533AD80ABE}.Debug|iPhone.ActiveCfg = Debug|Any CPU
		{B4271B58-E412-4063-8734-E0533AD80ABE}.Debug|iPhone.Build.0 = Debug|Any CPU
		{B4271B58-E412-4063-8734-E0533AD80ABE}.Debug|iPhoneSimulator.ActiveCfg = Debug|Any CPU
		{B4271B58-E412-4063-8734-E0533AD80ABE}.Debug|iPhoneSimulator.Build.0 = Debug|Any CPU
		{B4271B58-E412-4063-8734-E0533AD80ABE}.Debug|x64.ActiveCfg = Debug|Any CPU
		{B4271B58-E412-4063-8734-E0533AD80ABE}.Debug|x64.Build.0 = Debug|Any CPU
		{B4271B58-E412-4063-8734-E0533AD80ABE}.Debug|x86.ActiveCfg = Debug|Any CPU
		{B4271B58-E412-4063-8734-E0533AD80ABE}.Debug|x86.Build.0 = Debug|Any CPU
		{B4271B58-E412-4063-8734-E0533AD80ABE}.Release|Any CPU.ActiveCfg = Release|Any CPU
		{B4271B58-E412-4063-8734-E0533AD80ABE}.Release|Any CPU.Build.0 = Release|Any CPU
		{B4271B58-E412-4063-8734-E0533AD80ABE}.Release|ARM.ActiveCfg = Release|Any CPU
		{B4271B58-E412-4063-8734-E0533AD80ABE}.Release|ARM.Build.0 = Release|Any CPU
		{B4271B58-E412-4063-8734-E0533AD80ABE}.Release|ARM64.ActiveCfg = Release|Any CPU
		{B4271B58-E412-4063-8734-E0533AD80ABE}.Release|ARM64.Build.0 = Release|Any CPU
		{B4271B58-E412-4063-8734-E0533AD80ABE}.Release|iPhone.ActiveCfg = Release|Any CPU
		{B4271B58-E412-4063-8734-E0533AD80ABE}.Release|iPhone.Build.0 = Release|Any CPU
		{B4271B58-E412-4063-8734-E0533AD80ABE}.Release|iPhoneSimulator.ActiveCfg = Release|Any CPU
		{B4271B58-E412-4063-8734-E0533AD80ABE}.Release|iPhoneSimulator.Build.0 = Release|Any CPU
		{B4271B58-E412-4063-8734-E0533AD80ABE}.Release|x64.ActiveCfg = Release|Any CPU
		{B4271B58-E412-4063-8734-E0533AD80ABE}.Release|x64.Build.0 = Release|Any CPU
		{B4271B58-E412-4063-8734-E0533AD80ABE}.Release|x86.ActiveCfg = Release|Any CPU
		{B4271B58-E412-4063-8734-E0533AD80ABE}.Release|x86.Build.0 = Release|Any CPU
		{65045A68-A891-4614-83C7-EA178C8B1B70}.Debug|Any CPU.ActiveCfg = Debug|Any CPU
		{65045A68-A891-4614-83C7-EA178C8B1B70}.Debug|Any CPU.Build.0 = Debug|Any CPU
		{65045A68-A891-4614-83C7-EA178C8B1B70}.Debug|ARM.ActiveCfg = Debug|Any CPU
		{65045A68-A891-4614-83C7-EA178C8B1B70}.Debug|ARM.Build.0 = Debug|Any CPU
		{65045A68-A891-4614-83C7-EA178C8B1B70}.Debug|ARM64.ActiveCfg = Debug|Any CPU
		{65045A68-A891-4614-83C7-EA178C8B1B70}.Debug|ARM64.Build.0 = Debug|Any CPU
		{65045A68-A891-4614-83C7-EA178C8B1B70}.Debug|iPhone.ActiveCfg = Debug|Any CPU
		{65045A68-A891-4614-83C7-EA178C8B1B70}.Debug|iPhone.Build.0 = Debug|Any CPU
		{65045A68-A891-4614-83C7-EA178C8B1B70}.Debug|iPhoneSimulator.ActiveCfg = Debug|Any CPU
		{65045A68-A891-4614-83C7-EA178C8B1B70}.Debug|iPhoneSimulator.Build.0 = Debug|Any CPU
		{65045A68-A891-4614-83C7-EA178C8B1B70}.Debug|x64.ActiveCfg = Debug|Any CPU
		{65045A68-A891-4614-83C7-EA178C8B1B70}.Debug|x64.Build.0 = Debug|Any CPU
		{65045A68-A891-4614-83C7-EA178C8B1B70}.Debug|x86.ActiveCfg = Debug|Any CPU
		{65045A68-A891-4614-83C7-EA178C8B1B70}.Debug|x86.Build.0 = Debug|Any CPU
		{65045A68-A891-4614-83C7-EA178C8B1B70}.Release|Any CPU.ActiveCfg = Release|Any CPU
		{65045A68-A891-4614-83C7-EA178C8B1B70}.Release|Any CPU.Build.0 = Release|Any CPU
		{65045A68-A891-4614-83C7-EA178C8B1B70}.Release|ARM.ActiveCfg = Release|Any CPU
		{65045A68-A891-4614-83C7-EA178C8B1B70}.Release|ARM.Build.0 = Release|Any CPU
		{65045A68-A891-4614-83C7-EA178C8B1B70}.Release|ARM64.ActiveCfg = Release|Any CPU
		{65045A68-A891-4614-83C7-EA178C8B1B70}.Release|ARM64.Build.0 = Release|Any CPU
		{65045A68-A891-4614-83C7-EA178C8B1B70}.Release|iPhone.ActiveCfg = Release|Any CPU
		{65045A68-A891-4614-83C7-EA178C8B1B70}.Release|iPhone.Build.0 = Release|Any CPU
		{65045A68-A891-4614-83C7-EA178C8B1B70}.Release|iPhoneSimulator.ActiveCfg = Release|Any CPU
		{65045A68-A891-4614-83C7-EA178C8B1B70}.Release|iPhoneSimulator.Build.0 = Release|Any CPU
		{65045A68-A891-4614-83C7-EA178C8B1B70}.Release|x64.ActiveCfg = Release|Any CPU
		{65045A68-A891-4614-83C7-EA178C8B1B70}.Release|x64.Build.0 = Release|Any CPU
		{65045A68-A891-4614-83C7-EA178C8B1B70}.Release|x86.ActiveCfg = Release|Any CPU
		{65045A68-A891-4614-83C7-EA178C8B1B70}.Release|x86.Build.0 = Release|Any CPU
		{99CCE21D-04C2-457A-8F7E-683922730603}.Debug|Any CPU.ActiveCfg = Debug|Any CPU
		{99CCE21D-04C2-457A-8F7E-683922730603}.Debug|Any CPU.Build.0 = Debug|Any CPU
		{99CCE21D-04C2-457A-8F7E-683922730603}.Debug|ARM.ActiveCfg = Debug|Any CPU
		{99CCE21D-04C2-457A-8F7E-683922730603}.Debug|ARM.Build.0 = Debug|Any CPU
		{99CCE21D-04C2-457A-8F7E-683922730603}.Debug|ARM64.ActiveCfg = Debug|Any CPU
		{99CCE21D-04C2-457A-8F7E-683922730603}.Debug|ARM64.Build.0 = Debug|Any CPU
		{99CCE21D-04C2-457A-8F7E-683922730603}.Debug|iPhone.ActiveCfg = Debug|Any CPU
		{99CCE21D-04C2-457A-8F7E-683922730603}.Debug|iPhone.Build.0 = Debug|Any CPU
		{99CCE21D-04C2-457A-8F7E-683922730603}.Debug|iPhoneSimulator.ActiveCfg = Debug|Any CPU
		{99CCE21D-04C2-457A-8F7E-683922730603}.Debug|iPhoneSimulator.Build.0 = Debug|Any CPU
		{99CCE21D-04C2-457A-8F7E-683922730603}.Debug|x64.ActiveCfg = Debug|Any CPU
		{99CCE21D-04C2-457A-8F7E-683922730603}.Debug|x64.Build.0 = Debug|Any CPU
		{99CCE21D-04C2-457A-8F7E-683922730603}.Debug|x86.ActiveCfg = Debug|Any CPU
		{99CCE21D-04C2-457A-8F7E-683922730603}.Debug|x86.Build.0 = Debug|Any CPU
		{99CCE21D-04C2-457A-8F7E-683922730603}.Release|Any CPU.ActiveCfg = Release|Any CPU
		{99CCE21D-04C2-457A-8F7E-683922730603}.Release|Any CPU.Build.0 = Release|Any CPU
		{99CCE21D-04C2-457A-8F7E-683922730603}.Release|ARM.ActiveCfg = Release|Any CPU
		{99CCE21D-04C2-457A-8F7E-683922730603}.Release|ARM.Build.0 = Release|Any CPU
		{99CCE21D-04C2-457A-8F7E-683922730603}.Release|ARM64.ActiveCfg = Release|Any CPU
		{99CCE21D-04C2-457A-8F7E-683922730603}.Release|ARM64.Build.0 = Release|Any CPU
		{99CCE21D-04C2-457A-8F7E-683922730603}.Release|iPhone.ActiveCfg = Release|Any CPU
		{99CCE21D-04C2-457A-8F7E-683922730603}.Release|iPhone.Build.0 = Release|Any CPU
		{99CCE21D-04C2-457A-8F7E-683922730603}.Release|iPhoneSimulator.ActiveCfg = Release|Any CPU
		{99CCE21D-04C2-457A-8F7E-683922730603}.Release|iPhoneSimulator.Build.0 = Release|Any CPU
		{99CCE21D-04C2-457A-8F7E-683922730603}.Release|x64.ActiveCfg = Release|Any CPU
		{99CCE21D-04C2-457A-8F7E-683922730603}.Release|x64.Build.0 = Release|Any CPU
		{99CCE21D-04C2-457A-8F7E-683922730603}.Release|x86.ActiveCfg = Release|Any CPU
		{99CCE21D-04C2-457A-8F7E-683922730603}.Release|x86.Build.0 = Release|Any CPU
	EndGlobalSection
	GlobalSection(SolutionProperties) = preSolution
		HideSolutionNode = FALSE
	EndGlobalSection
	GlobalSection(NestedProjects) = preSolution
		{F193CE01-DF8B-4BC1-B9D5-C259455F61D6} = {C3FDCDB7-0C29-472D-A406-E2F21A4B0EAE}
		{BAB50501-7CEA-4D36-BBD0-76C59702C5BF} = {C3FDCDB7-0C29-472D-A406-E2F21A4B0EAE}
		{66F7EA61-0C61-4494-BA10-06E0F5E6A2A2} = {C3FDCDB7-0C29-472D-A406-E2F21A4B0EAE}
		{D0265F42-5304-4468-B104-3EC5F1B3DA6A} = {C3FDCDB7-0C29-472D-A406-E2F21A4B0EAE}
		{99CCE21D-04C2-457A-8F7E-683922730603} = {C3FDCDB7-0C29-472D-A406-E2F21A4B0EAE}
	EndGlobalSection
	GlobalSection(ExtensibilityGlobals) = postSolution
		SolutionGuid = {0653DB4A-5BBE-4D78-99B2-DB1C82663246}
	EndGlobalSection
	GlobalSection(MonoDevelopProperties) = preSolution
		Policies = $0
		$0.DotNetNamingPolicy = $1
	EndGlobalSection
EndGlobal
